// !$*UTF8*$!
{
	archiveVersion = 1;
	classes = {
	};
	objectVersion = 77;
	objects = {

/* Begin PBXBuildFile section */
		6534274C2D8929940097943C /* FirebaseAnalytics in Frameworks */ = {isa = PBXBuildFile; productRef = 6534274B2D8929940097943C /* FirebaseAnalytics */; };
		6534274E2D8929940097943C /* FirebaseAuth in Frameworks */ = {isa = PBXBuildFile; productRef = 6534274D2D8929940097943C /* FirebaseAuth */; };
		653427502D8929940097943C /* FirebaseCore in Frameworks */ = {isa = PBXBuildFile; productRef = 6534274F2D8929940097943C /* FirebaseCore */; };
		653427522D8929940097943C /* FirebaseCrashlytics in Frameworks */ = {isa = PBXBuildFile; productRef = 653427512D8929940097943C /* FirebaseCrashlytics */; };
		653427542D8929940097943C /* FirebaseFirestore in Frameworks */ = {isa = PBXBuildFile; productRef = 653427532D8929940097943C /* FirebaseFirestore */; };
		653427562D8929940097943C /* FirebaseMessaging in Frameworks */ = {isa = PBXBuildFile; productRef = 653427552D8929940097943C /* FirebaseMessaging */; };
		653427582D8929940097943C /* FirebaseStorage in Frameworks */ = {isa = PBXBuildFile; productRef = 653427572D8929940097943C /* FirebaseStorage */; };
/* End PBXBuildFile section */

/* Begin PBXContainerItemProxy section */
		656A85EC2D8830390067A7E7 /* PBXContainerItemProxy */ = {
			isa = PBXContainerItemProxy;
			containerPortal = 656A85D32D8830370067A7E7 /* Project object */;
			proxyType = 1;
			remoteGlobalIDString = 656A85DA2D8830370067A7E7;
			remoteInfo = FirebaseSwiftUIExample;
		};
		656A85F62D8830390067A7E7 /* PBXContainerItemProxy */ = {
			isa = PBXContainerItemProxy;
			containerPortal = 656A85D32D8830370067A7E7 /* Project object */;
			proxyType = 1;
			remoteGlobalIDString = 656A85DA2D8830370067A7E7;
			remoteInfo = FirebaseSwiftUIExample;
		};
/* End PBXContainerItemProxy section */

/* Begin PBXFileReference section */
		656A85DB2D8830370067A7E7 /* FirebaseSwiftUIExample.app */ = {isa = PBXFileReference; explicitFileType = wrapper.application; includeInIndex = 0; path = FirebaseSwiftUIExample.app; sourceTree = BUILT_PRODUCTS_DIR; };
		656A85EB2D8830390067A7E7 /* FirebaseSwiftUIExampleTests.xctest */ = {isa = PBXFileReference; explicitFileType = wrapper.cfbundle; includeInIndex = 0; path = FirebaseSwiftUIExampleTests.xctest; sourceTree = BUILT_PRODUCTS_DIR; };
		656A85F52D8830390067A7E7 /* FirebaseSwiftUIExampleUITests.xctest */ = {isa = PBXFileReference; explicitFileType = wrapper.cfbundle; includeInIndex = 0; path = FirebaseSwiftUIExampleUITests.xctest; sourceTree = BUILT_PRODUCTS_DIR; };
/* End PBXFileReference section */

/* Begin PBXFileSystemSynchronizedBuildFileExceptionSet section */
		654B8DD42D8D2F1D003B9B2E /* Exceptions for "FirebaseSwiftUIExample" folder in "FirebaseSwiftUIExample" target */ = {
			isa = PBXFileSystemSynchronizedBuildFileExceptionSet;
			membershipExceptions = (
				Info.plist,
			);
			target = 656A85DA2D8830370067A7E7 /* FirebaseSwiftUIExample */;
		};
/* End PBXFileSystemSynchronizedBuildFileExceptionSet section */

/* Begin PBXFileSystemSynchronizedRootGroup section */
		656A85DD2D8830370067A7E7 /* FirebaseSwiftUIExample */ = {
			isa = PBXFileSystemSynchronizedRootGroup;
			exceptions = (
				654B8DD42D8D2F1D003B9B2E /* Exceptions for "FirebaseSwiftUIExample" folder in "FirebaseSwiftUIExample" target */,
			);
			path = FirebaseSwiftUIExample;
			sourceTree = "<group>";
		};
		656A85EE2D8830390067A7E7 /* FirebaseSwiftUIExampleTests */ = {
			isa = PBXFileSystemSynchronizedRootGroup;
			path = FirebaseSwiftUIExampleTests;
			sourceTree = "<group>";
		};
		656A85F82D8830390067A7E7 /* FirebaseSwiftUIExampleUITests */ = {
			isa = PBXFileSystemSynchronizedRootGroup;
			path = FirebaseSwiftUIExampleUITests;
			sourceTree = "<group>";
		};
/* End PBXFileSystemSynchronizedRootGroup section */

/* Begin PBXFrameworksBuildPhase section */
		656A85D82D8830370067A7E7 /* Frameworks */ = {
			isa = PBXFrameworksBuildPhase;
			buildActionMask = 2147483647;
			files = (
				653427562D8929940097943C /* FirebaseMessaging in Frameworks */,
				6534274C2D8929940097943C /* FirebaseAnalytics in Frameworks */,
				653427522D8929940097943C /* FirebaseCrashlytics in Frameworks */,
				653427502D8929940097943C /* FirebaseCore in Frameworks */,
				653427582D8929940097943C /* FirebaseStorage in Frameworks */,
				653427542D8929940097943C /* FirebaseFirestore in Frameworks */,
				6534274E2D8929940097943C /* FirebaseAuth in Frameworks */,
			);
			runOnlyForDeploymentPostprocessing = 0;
		};
		656A85E82D8830390067A7E7 /* Frameworks */ = {
			isa = PBXFrameworksBuildPhase;
			buildActionMask = 2147483647;
			files = (
			);
			runOnlyForDeploymentPostprocessing = 0;
		};
		656A85F22D8830390067A7E7 /* Frameworks */ = {
			isa = PBXFrameworksBuildPhase;
			buildActionMask = 2147483647;
			files = (
			);
			runOnlyForDeploymentPostprocessing = 0;
		};
/* End PBXFrameworksBuildPhase section */

/* Begin PBXGroup section */
		656A85D22D8830370067A7E7 = {
			isa = PBXGroup;
			children = (
				656A85DD2D8830370067A7E7 /* FirebaseSwiftUIExample */,
				656A85EE2D8830390067A7E7 /* FirebaseSwiftUIExampleTests */,
				656A85F82D8830390067A7E7 /* FirebaseSwiftUIExampleUITests */,
				656A85DC2D8830370067A7E7 /* Products */,
			);
			sourceTree = "<group>";
		};
		656A85DC2D8830370067A7E7 /* Products */ = {
			isa = PBXGroup;
			children = (
				656A85DB2D8830370067A7E7 /* FirebaseSwiftUIExample.app */,
				656A85EB2D8830390067A7E7 /* FirebaseSwiftUIExampleTests.xctest */,
				656A85F52D8830390067A7E7 /* FirebaseSwiftUIExampleUITests.xctest */,
			);
			name = Products;
			sourceTree = "<group>";
		};
/* End PBXGroup section */

/* Begin PBXNativeTarget section */
		656A85DA2D8830370067A7E7 /* FirebaseSwiftUIExample */ = {
			isa = PBXNativeTarget;
			buildConfigurationList = 656A85FF2D8830390067A7E7 /* Build configuration list for PBXNativeTarget "FirebaseSwiftUIExample" */;
			buildPhases = (
				656A85D72D8830370067A7E7 /* Sources */,
				656A85D82D8830370067A7E7 /* Frameworks */,
				656A85D92D8830370067A7E7 /* Resources */,
			);
			buildRules = (
			);
			dependencies = (
			);
			fileSystemSynchronizedGroups = (
				656A85DD2D8830370067A7E7 /* FirebaseSwiftUIExample */,
			);
			name = FirebaseSwiftUIExample;
			packageProductDependencies = (
				6534274B2D8929940097943C /* FirebaseAnalytics */,
				6534274D2D8929940097943C /* FirebaseAuth */,
				6534274F2D8929940097943C /* FirebaseCore */,
				653427512D8929940097943C /* FirebaseCrashlytics */,
				653427532D8929940097943C /* FirebaseFirestore */,
				653427552D8929940097943C /* FirebaseMessaging */,
				653427572D8929940097943C /* FirebaseStorage */,
			);
			productName = FirebaseSwiftUIExample;
			productReference = 656A85DB2D8830370067A7E7 /* FirebaseSwiftUIExample.app */;
			productType = "com.apple.product-type.application";
		};
		656A85EA2D8830390067A7E7 /* FirebaseSwiftUIExampleTests */ = {
			isa = PBXNativeTarget;
			buildConfigurationList = 656A86022D8830390067A7E7 /* Build configuration list for PBXNativeTarget "FirebaseSwiftUIExampleTests" */;
			buildPhases = (
				656A85E72D8830390067A7E7 /* Sources */,
				656A85E82D8830390067A7E7 /* Frameworks */,
				656A85E92D8830390067A7E7 /* Resources */,
			);
			buildRules = (
			);
			dependencies = (
				656A85ED2D8830390067A7E7 /* PBXTargetDependency */,
			);
			fileSystemSynchronizedGroups = (
				656A85EE2D8830390067A7E7 /* FirebaseSwiftUIExampleTests */,
			);
			name = FirebaseSwiftUIExampleTests;
			packageProductDependencies = (
			);
			productName = FirebaseSwiftUIExampleTests;
			productReference = 656A85EB2D8830390067A7E7 /* FirebaseSwiftUIExampleTests.xctest */;
			productType = "com.apple.product-type.bundle.unit-test";
		};
		656A85F42D8830390067A7E7 /* FirebaseSwiftUIExampleUITests */ = {
			isa = PBXNativeTarget;
			buildConfigurationList = 656A86052D8830390067A7E7 /* Build configuration list for PBXNativeTarget "FirebaseSwiftUIExampleUITests" */;
			buildPhases = (
				656A85F12D8830390067A7E7 /* Sources */,
				656A85F22D8830390067A7E7 /* Frameworks */,
				656A85F32D8830390067A7E7 /* Resources */,
			);
			buildRules = (
			);
			dependencies = (
				656A85F72D8830390067A7E7 /* PBXTargetDependency */,
			);
			fileSystemSynchronizedGroups = (
				656A85F82D8830390067A7E7 /* FirebaseSwiftUIExampleUITests */,
			);
			name = FirebaseSwiftUIExampleUITests;
			packageProductDependencies = (
			);
			productName = FirebaseSwiftUIExampleUITests;
			productReference = 656A85F52D8830390067A7E7 /* FirebaseSwiftUIExampleUITests.xctest */;
			productType = "com.apple.product-type.bundle.ui-testing";
		};
/* End PBXNativeTarget section */

/* Begin PBXProject section */
		656A85D32D8830370067A7E7 /* Project object */ = {
			isa = PBXProject;
			attributes = {
				BuildIndependentTargetsInParallel = 1;
				LastSwiftUpdateCheck = 1620;
				LastUpgradeCheck = 1620;
				TargetAttributes = {
					656A85DA2D8830370067A7E7 = {
						CreatedOnToolsVersion = 16.2;
					};
					656A85EA2D8830390067A7E7 = {
						CreatedOnToolsVersion = 16.2;
						TestTargetID = 656A85DA2D8830370067A7E7;
					};
					656A85F42D8830390067A7E7 = {
						CreatedOnToolsVersion = 16.2;
						TestTargetID = 656A85DA2D8830370067A7E7;
					};
				};
			};
			buildConfigurationList = 656A85D62D8830370067A7E7 /* Build configuration list for PBXProject "FirebaseSwiftUIExample" */;
			developmentRegion = en;
			hasScannedForEncodings = 0;
			knownRegions = (
				en,
				Base,
			);
			mainGroup = 656A85D22D8830370067A7E7;
			minimizedProjectReferenceProxies = 1;
			packageReferences = (
				6534274A2D8929940097943C /* XCRemoteSwiftPackageReference "firebase-ios-sdk" */,
			);
			preferredProjectObjectVersion = 77;
			productRefGroup = 656A85DC2D8830370067A7E7 /* Products */;
			projectDirPath = "";
			projectRoot = "";
			targets = (
				656A85DA2D8830370067A7E7 /* FirebaseSwiftUIExample */,
				656A85EA2D8830390067A7E7 /* FirebaseSwiftUIExampleTests */,
				656A85F42D8830390067A7E7 /* FirebaseSwiftUIExampleUITests */,
			);
		};
/* End PBXProject section */

/* Begin PBXResourcesBuildPhase section */
		656A85D92D8830370067A7E7 /* Resources */ = {
			isa = PBXResourcesBuildPhase;
			buildActionMask = 2147483647;
			files = (
			);
			runOnlyForDeploymentPostprocessing = 0;
		};
		656A85E92D8830390067A7E7 /* Resources */ = {
			isa = PBXResourcesBuildPhase;
			buildActionMask = 2147483647;
			files = (
			);
			runOnlyForDeploymentPostprocessing = 0;
		};
		656A85F32D8830390067A7E7 /* Resources */ = {
			isa = PBXResourcesBuildPhase;
			buildActionMask = 2147483647;
			files = (
			);
			runOnlyForDeploymentPostprocessing = 0;
		};
/* End PBXResourcesBuildPhase section */

/* Begin PBXSourcesBuildPhase section */
		656A85D72D8830370067A7E7 /* Sources */ = {
			isa = PBXSourcesBuildPhase;
			buildActionMask = 2147483647;
			files = (
			);
			runOnlyForDeploymentPostprocessing = 0;
		};
		656A85E72D8830390067A7E7 /* Sources */ = {
			isa = PBXSourcesBuildPhase;
			buildActionMask = 2147483647;
			files = (
			);
			runOnlyForDeploymentPostprocessing = 0;
		};
		656A85F12D8830390067A7E7 /* Sources */ = {
			isa = PBXSourcesBuildPhase;
			buildActionMask = 2147483647;
			files = (
			);
			runOnlyForDeploymentPostprocessing = 0;
		};
/* End PBXSourcesBuildPhase section */

/* Begin PBXTargetDependency section */
		656A85ED2D8830390067A7E7 /* PBXTargetDependency */ = {
			isa = PBXTargetDependency;
			target = 656A85DA2D8830370067A7E7 /* FirebaseSwiftUIExample */;
			targetProxy = 656A85EC2D8830390067A7E7 /* PBXContainerItemProxy */;
		};
		656A85F72D8830390067A7E7 /* PBXTargetDependency */ = {
			isa = PBXTargetDependency;
			target = 656A85DA2D8830370067A7E7 /* FirebaseSwiftUIExample */;
			targetProxy = 656A85F62D8830390067A7E7 /* PBXContainerItemProxy */;
		};
/* End PBXTargetDependency section */

/* Begin XCBuildConfiguration section */
		656A85FD2D8830390067A7E7 /* Debug */ = {
			isa = XCBuildConfiguration;
			buildSettings = {
				ALWAYS_SEARCH_USER_PATHS = NO;
				ASSETCATALOG_COMPILER_GENERATE_SWIFT_ASSET_SYMBOL_EXTENSIONS = YES;
				CLANG_ANALYZER_NONNULL = YES;
				CLANG_ANALYZER_NUMBER_OBJECT_CONVERSION = YES_AGGRESSIVE;
				CLANG_CXX_LANGUAGE_STANDARD = "gnu++20";
				CLANG_ENABLE_MODULES = YES;
				CLANG_ENABLE_OBJC_ARC = YES;
				CLANG_ENABLE_OBJC_WEAK = YES;
				CLANG_WARN_BLOCK_CAPTURE_AUTORELEASING = YES;
				CLANG_WARN_BOOL_CONVERSION = YES;
				CLANG_WARN_COMMA = YES;
				CLANG_WARN_CONSTANT_CONVERSION = YES;
				CLANG_WARN_DEPRECATED_OBJC_IMPLEMENTATIONS = YES;
				CLANG_WARN_DIRECT_OBJC_ISA_USAGE = YES_ERROR;
				CLANG_WARN_DOCUMENTATION_COMMENTS = YES;
				CLANG_WARN_EMPTY_BODY = YES;
				CLANG_WARN_ENUM_CONVERSION = YES;
				CLANG_WARN_INFINITE_RECURSION = YES;
				CLANG_WARN_INT_CONVERSION = YES;
				CLANG_WARN_NON_LITERAL_NULL_CONVERSION = YES;
				CLANG_WARN_OBJC_IMPLICIT_RETAIN_SELF = YES;
				CLANG_WARN_OBJC_LITERAL_CONVERSION = YES;
				CLANG_WARN_OBJC_ROOT_CLASS = YES_ERROR;
				CLANG_WARN_QUOTED_INCLUDE_IN_FRAMEWORK_HEADER = YES;
				CLANG_WARN_RANGE_LOOP_ANALYSIS = YES;
				CLANG_WARN_STRICT_PROTOTYPES = YES;
				CLANG_WARN_SUSPICIOUS_MOVE = YES;
				CLANG_WARN_UNGUARDED_AVAILABILITY = YES_AGGRESSIVE;
				CLANG_WARN_UNREACHABLE_CODE = YES;
				CLANG_WARN__DUPLICATE_METHOD_MATCH = YES;
				COPY_PHASE_STRIP = NO;
				DEBUG_INFORMATION_FORMAT = dwarf;
				ENABLE_STRICT_OBJC_MSGSEND = YES;
				ENABLE_TESTABILITY = YES;
				ENABLE_USER_SCRIPT_SANDBOXING = YES;
				GCC_C_LANGUAGE_STANDARD = gnu17;
				GCC_DYNAMIC_NO_PIC = NO;
				GCC_NO_COMMON_BLOCKS = YES;
				GCC_OPTIMIZATION_LEVEL = 0;
				GCC_PREPROCESSOR_DEFINITIONS = (
					"DEBUG=1",
					"$(inherited)",
				);
				GCC_WARN_64_TO_32_BIT_CONVERSION = YES;
				GCC_WARN_ABOUT_RETURN_TYPE = YES_ERROR;
				GCC_WARN_UNDECLARED_SELECTOR = YES;
				GCC_WARN_UNINITIALIZED_AUTOS = YES_AGGRESSIVE;
				GCC_WARN_UNUSED_FUNCTION = YES;
				GCC_WARN_UNUSED_VARIABLE = YES;
				IPHONEOS_DEPLOYMENT_TARGET = 18.2;
				LOCALIZATION_PREFERS_STRING_CATALOGS = YES;
				MTL_ENABLE_DEBUG_INFO = INCLUDE_SOURCE;
				MTL_FAST_MATH = YES;
				ONLY_ACTIVE_ARCH = YES;
				SDKROOT = iphoneos;
				SWIFT_ACTIVE_COMPILATION_CONDITIONS = "DEBUG $(inherited)";
				SWIFT_EMIT_LOC_STRINGS = YES;
				SWIFT_OPTIMIZATION_LEVEL = "-Onone";
			};
			name = Debug;
		};
		656A85FE2D8830390067A7E7 /* Release */ = {
			isa = XCBuildConfiguration;
			buildSettings = {
				ALWAYS_SEARCH_USER_PATHS = NO;
				ASSETCATALOG_COMPILER_GENERATE_SWIFT_ASSET_SYMBOL_EXTENSIONS = YES;
				CLANG_ANALYZER_NONNULL = YES;
				CLANG_ANALYZER_NUMBER_OBJECT_CONVERSION = YES_AGGRESSIVE;
				CLANG_CXX_LANGUAGE_STANDARD = "gnu++20";
				CLANG_ENABLE_MODULES = YES;
				CLANG_ENABLE_OBJC_ARC = YES;
				CLANG_ENABLE_OBJC_WEAK = YES;
				CLANG_WARN_BLOCK_CAPTURE_AUTORELEASING = YES;
				CLANG_WARN_BOOL_CONVERSION = YES;
				CLANG_WARN_COMMA = YES;
				CLANG_WARN_CONSTANT_CONVERSION = YES;
				CLANG_WARN_DEPRECATED_OBJC_IMPLEMENTATIONS = YES;
				CLANG_WARN_DIRECT_OBJC_ISA_USAGE = YES_ERROR;
				CLANG_WARN_DOCUMENTATION_COMMENTS = YES;
				CLANG_WARN_EMPTY_BODY = YES;
				CLANG_WARN_ENUM_CONVERSION = YES;
				CLANG_WARN_INFINITE_RECURSION = YES;
				CLANG_WARN_INT_CONVERSION = YES;
				CLANG_WARN_NON_LITERAL_NULL_CONVERSION = YES;
				CLANG_WARN_OBJC_IMPLICIT_RETAIN_SELF = YES;
				CLANG_WARN_OBJC_LITERAL_CONVERSION = YES;
				CLANG_WARN_OBJC_ROOT_CLASS = YES_ERROR;
				CLANG_WARN_QUOTED_INCLUDE_IN_FRAMEWORK_HEADER = YES;
				CLANG_WARN_RANGE_LOOP_ANALYSIS = YES;
				CLANG_WARN_STRICT_PROTOTYPES = YES;
				CLANG_WARN_SUSPICIOUS_MOVE = YES;
				CLANG_WARN_UNGUARDED_AVAILABILITY = YES_AGGRESSIVE;
				CLANG_WARN_UNREACHABLE_CODE = YES;
				CLANG_WARN__DUPLICATE_METHOD_MATCH = YES;
				COPY_PHASE_STRIP = NO;
				DEBUG_INFORMATION_FORMAT = "dwarf-with-dsym";
				ENABLE_NS_ASSERTIONS = NO;
				ENABLE_STRICT_OBJC_MSGSEND = YES;
				ENABLE_USER_SCRIPT_SANDBOXING = YES;
				GCC_C_LANGUAGE_STANDARD = gnu17;
				GCC_NO_COMMON_BLOCKS = YES;
				GCC_WARN_64_TO_32_BIT_CONVERSION = YES;
				GCC_WARN_ABOUT_RETURN_TYPE = YES_ERROR;
				GCC_WARN_UNDECLARED_SELECTOR = YES;
				GCC_WARN_UNINITIALIZED_AUTOS = YES_AGGRESSIVE;
				GCC_WARN_UNUSED_FUNCTION = YES;
				GCC_WARN_UNUSED_VARIABLE = YES;
				IPHONEOS_DEPLOYMENT_TARGET = 18.2;
				LOCALIZATION_PREFERS_STRING_CATALOGS = YES;
				MTL_ENABLE_DEBUG_INFO = NO;
				MTL_FAST_MATH = YES;
				SDKROOT = iphoneos;
				SWIFT_COMPILATION_MODE = wholemodule;
				SWIFT_EMIT_LOC_STRINGS = YES;
				VALIDATE_PRODUCT = YES;
			};
			name = Release;
		};
		656A86002D8830390067A7E7 /* Debug */ = {
			isa = XCBuildConfiguration;
			buildSettings = {
				ASSETCATALOG_COMPILER_APPICON_NAME = AppIcon;
				ASSETCATALOG_COMPILER_GLOBAL_ACCENT_COLOR_NAME = AccentColor;
				CODE_SIGN_STYLE = Automatic;
				CURRENT_PROJECT_VERSION = 1;
				DEVELOPMENT_ASSET_PATHS = "\"FirebaseSwiftUIExample/Preview Content\"";
				DEVELOPMENT_TEAM = W5L3ATZW4Z;
				ENABLE_PREVIEWS = YES;
				GENERATE_INFOPLIST_FILE = YES;
				INFOPLIST_FILE = FirebaseSwiftUIExample/Info.plist;
				INFOPLIST_KEY_UIApplicationSceneManifest_Generation = YES;
				INFOPLIST_KEY_UIApplicationSupportsIndirectInputEvents = YES;
				INFOPLIST_KEY_UILaunchScreen_Generation = YES;
				INFOPLIST_KEY_UISupportedInterfaceOrientations_iPad = "UIInterfaceOrientationPortrait UIInterfaceOrientationPortraitUpsideDown UIInterfaceOrientationLandscapeLeft UIInterfaceOrientationLandscapeRight";
				INFOPLIST_KEY_UISupportedInterfaceOrientations_iPhone = "UIInterfaceOrientationPortrait UIInterfaceOrientationLandscapeLeft UIInterfaceOrientationLandscapeRight";
				LD_RUNPATH_SEARCH_PATHS = (
					"$(inherited)",
					"@executable_path/Frameworks",
				);
				MARKETING_VERSION = 1.0;
				PRODUCT_BUNDLE_IDENTIFIER = aman.FirebaseSwiftUIExample;
				PRODUCT_NAME = "$(TARGET_NAME)";
				SWIFT_EMIT_LOC_STRINGS = YES;
				SWIFT_VERSION = 5.0;
				TARGETED_DEVICE_FAMILY = "1,2";
			};
			name = Debug;
		};
		656A86012D8830390067A7E7 /* Release */ = {
			isa = XCBuildConfiguration;
			buildSettings = {
				ASSETCATALOG_COMPILER_APPICON_NAME = AppIcon;
				ASSETCATALOG_COMPILER_GLOBAL_ACCENT_COLOR_NAME = AccentColor;
				CODE_SIGN_STYLE = Automatic;
				CURRENT_PROJECT_VERSION = 1;
				DEVELOPMENT_ASSET_PATHS = "\"FirebaseSwiftUIExample/Preview Content\"";
				DEVELOPMENT_TEAM = W5L3ATZW4Z;
				ENABLE_PREVIEWS = YES;
				GENERATE_INFOPLIST_FILE = YES;
				INFOPLIST_FILE = FirebaseSwiftUIExample/Info.plist;
				INFOPLIST_KEY_UIApplicationSceneManifest_Generation = YES;
				INFOPLIST_KEY_UIApplicationSupportsIndirectInputEvents = YES;
				INFOPLIST_KEY_UILaunchScreen_Generation = YES;
				INFOPLIST_KEY_UISupportedInterfaceOrientations_iPad = "UIInterfaceOrientationPortrait UIInterfaceOrientationPortraitUpsideDown UIInterfaceOrientationLandscapeLeft UIInterfaceOrientationLandscapeRight";
				INFOPLIST_KEY_UISupportedInterfaceOrientations_iPhone = "UIInterfaceOrientationPortrait UIInterfaceOrientationLandscapeLeft UIInterfaceOrientationLandscapeRight";
				LD_RUNPATH_SEARCH_PATHS = (
					"$(inherited)",
					"@executable_path/Frameworks",
				);
				MARKETING_VERSION = 1.0;
				PRODUCT_BUNDLE_IDENTIFIER = aman.FirebaseSwiftUIExample;
				PRODUCT_NAME = "$(TARGET_NAME)";
				SWIFT_EMIT_LOC_STRINGS = YES;
				SWIFT_VERSION = 5.0;
				TARGETED_DEVICE_FAMILY = "1,2";
			};
			name = Release;
		};
		656A86032D8830390067A7E7 /* Debug */ = {
			isa = XCBuildConfiguration;
			buildSettings = {
				BUNDLE_LOADER = "$(TEST_HOST)";
				CODE_SIGN_STYLE = Automatic;
				CURRENT_PROJECT_VERSION = 1;
				GENERATE_INFOPLIST_FILE = YES;
				IPHONEOS_DEPLOYMENT_TARGET = 18.2;
				MARKETING_VERSION = 1.0;
				PRODUCT_BUNDLE_IDENTIFIER = aman.FirebaseSwiftUIExampleTests;
				PRODUCT_NAME = "$(TARGET_NAME)";
				SWIFT_EMIT_LOC_STRINGS = NO;
				SWIFT_VERSION = 5.0;
				TARGETED_DEVICE_FAMILY = "1,2";
				TEST_HOST = "$(BUILT_PRODUCTS_DIR)/FirebaseSwiftUIExample.app/$(BUNDLE_EXECUTABLE_FOLDER_PATH)/FirebaseSwiftUIExample";
			};
			name = Debug;
		};
		656A86042D8830390067A7E7 /* Release */ = {
			isa = XCBuildConfiguration;
			buildSettings = {
				BUNDLE_LOADER = "$(TEST_HOST)";
				CODE_SIGN_STYLE = Automatic;
				CURRENT_PROJECT_VERSION = 1;
				GENERATE_INFOPLIST_FILE = YES;
				IPHONEOS_DEPLOYMENT_TARGET = 18.2;
				MARKETING_VERSION = 1.0;
				PRODUCT_BUNDLE_IDENTIFIER = aman.FirebaseSwiftUIExampleTests;
				PRODUCT_NAME = "$(TARGET_NAME)";
				SWIFT_EMIT_LOC_STRINGS = NO;
				SWIFT_VERSION = 5.0;
				TARGETED_DEVICE_FAMILY = "1,2";
				TEST_HOST = "$(BUILT_PRODUCTS_DIR)/FirebaseSwiftUIExample.app/$(BUNDLE_EXECUTABLE_FOLDER_PATH)/FirebaseSwiftUIExample";
			};
			name = Release;
		};
		656A86062D8830390067A7E7 /* Debug */ = {
			isa = XCBuildConfiguration;
			buildSettings = {
				CODE_SIGN_STYLE = Automatic;
				CURRENT_PROJECT_VERSION = 1;
				GENERATE_INFOPLIST_FILE = YES;
				MARKETING_VERSION = 1.0;
				PRODUCT_BUNDLE_IDENTIFIER = aman.FirebaseSwiftUIExampleUITests;
				PRODUCT_NAME = "$(TARGET_NAME)";
				SWIFT_EMIT_LOC_STRINGS = NO;
				SWIFT_VERSION = 5.0;
				TARGETED_DEVICE_FAMILY = "1,2";
				TEST_TARGET_NAME = FirebaseSwiftUIExample;
			};
			name = Debug;
		};
		656A86072D8830390067A7E7 /* Release */ = {
			isa = XCBuildConfiguration;
			buildSettings = {
				CODE_SIGN_STYLE = Automatic;
				CURRENT_PROJECT_VERSION = 1;
				GENERATE_INFOPLIST_FILE = YES;
				MARKETING_VERSION = 1.0;
				PRODUCT_BUNDLE_IDENTIFIER = aman.FirebaseSwiftUIExampleUITests;
				PRODUCT_NAME = "$(TARGET_NAME)";
				SWIFT_EMIT_LOC_STRINGS = NO;
				SWIFT_VERSION = 5.0;
				TARGETED_DEVICE_FAMILY = "1,2";
				TEST_TARGET_NAME = FirebaseSwiftUIExample;
			};
			name = Release;
		};
/* End XCBuildConfiguration section */

/* Begin XCConfigurationList section */
		656A85D62D8830370067A7E7 /* Build configuration list for PBXProject "FirebaseSwiftUIExample" */ = {
			isa = XCConfigurationList;
			buildConfigurations = (
				656A85FD2D8830390067A7E7 /* Debug */,
				656A85FE2D8830390067A7E7 /* Release */,
			);
			defaultConfigurationIsVisible = 0;
			defaultConfigurationName = Release;
		};
		656A85FF2D8830390067A7E7 /* Build configuration list for PBXNativeTarget "FirebaseSwiftUIExample" */ = {
			isa = XCConfigurationList;
			buildConfigurations = (
				656A86002D8830390067A7E7 /* Debug */,
				656A86012D8830390067A7E7 /* Release */,
			);
			defaultConfigurationIsVisible = 0;
			defaultConfigurationName = Release;
		};
		656A86022D8830390067A7E7 /* Build configuration list for PBXNativeTarget "FirebaseSwiftUIExampleTests" */ = {
			isa = XCConfigurationList;
			buildConfigurations = (
				656A86032D8830390067A7E7 /* Debug */,
				656A86042D8830390067A7E7 /* Release */,
			);
			defaultConfigurationIsVisible = 0;
			defaultConfigurationName = Release;
		};
		656A86052D8830390067A7E7 /* Build configuration list for PBXNativeTarget "FirebaseSwiftUIExampleUITests" */ = {
			isa = XCConfigurationList;
			buildConfigurations = (
				656A86062D8830390067A7E7 /* Debug */,
				656A86072D8830390067A7E7 /* Release */,
			);
			defaultConfigurationIsVisible = 0;
			defaultConfigurationName = Release;
		};
/* End XCConfigurationList section */

/* Begin XCRemoteSwiftPackageReference section */
		6534274A2D8929940097943C /* XCRemoteSwiftPackageReference "firebase-ios-sdk" */ = {
			isa = XCRemoteSwiftPackageReference;
			repositoryURL = "https://github.com/firebase/firebase-ios-sdk";
			requirement = {
				kind = upToNextMajorVersion;
				minimumVersion = 11.10.0;
			};
		};
/* End XCRemoteSwiftPackageReference section */

/* Begin XCSwiftPackageProductDependency section */
		6534274B2D8929940097943C /* FirebaseAnalytics */ = {
			isa = XCSwiftPackageProductDependency;
			package = 6534274A2D8929940097943C /* XCRemoteSwiftPackageReference "firebase-ios-sdk" */;
			productName = FirebaseAnalytics;
		};
		6534274D2D8929940097943C /* FirebaseAuth */ = {
			isa = XCSwiftPackageProductDependency;
			package = 6534274A2D8929940097943C /* XCRemoteSwiftPackageReference "firebase-ios-sdk" */;
			productName = FirebaseAuth;
		};
		6534274F2D8929940097943C /* FirebaseCore */ = {
			isa = XCSwiftPackageProductDependency;
			package = 6534274A2D8929940097943C /* XCRemoteSwiftPackageReference "firebase-ios-sdk" */;
			productName = FirebaseCore;
		};
		653427512D8929940097943C /* FirebaseCrashlytics */ = {
			isa = XCSwiftPackageProductDependency;
			package = 6534274A2D8929940097943C /* XCRemoteSwiftPackageReference "firebase-ios-sdk" */;
			productName = FirebaseCrashlytics;
		};
		653427532D8929940097943C /* FirebaseFirestore */ = {
			isa = XCSwiftPackageProductDependency;
			package = 6534274A2D8929940097943C /* XCRemoteSwiftPackageReference "firebase-ios-sdk" */;
			productName = FirebaseFirestore;
		};
		653427552D8929940097943C /* FirebaseMessaging */ = {
			isa = XCSwiftPackageProductDependency;
			package = 6534274A2D8929940097943C /* XCRemoteSwiftPackageReference "firebase-ios-sdk" */;
			productName = FirebaseMessaging;
		};
		653427572D8929940097943C /* FirebaseStorage */ = {
			isa = XCSwiftPackageProductDependency;
			package = 6534274A2D8929940097943C /* XCRemoteSwiftPackageReference "firebase-ios-sdk" */;
			productName = FirebaseStorage;
		};
/* End XCSwiftPackageProductDependency section */
	};
	rootObject = 656A85D32D8830370067A7E7 /* Project object */;
}
